PODS:
  - HexColors (4.0.0)
  - PPTopMostController (0.0.1)
  - RMessage (2.0.0):
    - HexColors (~> 4.0)
    - PPTopMostController

DEPENDENCIES:
  - HexColors (~> 4.0)
  - PPTopMostController (from `https://github.com/donileo/PPTopMostController.git`)
  - RMessage (from `../`)

EXTERNAL SOURCES:
  PPTopMostController:
    :git: https://github.com/donileo/PPTopMostController.git
  RMessage:
    :path: "../"

CHECKOUT OPTIONS:
  PPTopMostController:
    :commit: 9e725746cff79a6286554d76dcce279909c327ab
    :git: https://github.com/donileo/PPTopMostController.git

SPEC CHECKSUMS:
  HexColors: 5f95843ef89aff6a72e1fd3a8ebabf205cc43379
  PPTopMostController: ca6c8fd33abd2895d57d86bfe27ae7425b44eea8
  RMessage: 3a09e93d07a092cb2c057bce1684b78b7c1f9c87

COCOAPODS: 0.39.0
