PODS:
  - HexColors (4.0.0)
  - RMessage (3.0.0):
    - HexColors (~> 4.0)

DEPENDENCIES:
  - HexColors (~> 4.0)
  - RMessage (from `..`)

EXTERNAL SOURCES:
  RMessage:
    :path: ".."

SPEC CHECKSUMS:
  HexColors: 5f95843ef89aff6a72e1fd3a8ebabf205cc43379
  RMessage: aa07000240a073280db6de0d9b3cd1f7df0f22a3

PODFILE CHECKSUM: 135d9c1f46818d0b6eb38d925184957a72a0d678

COCOAPODS: 1.2.1
