// !$*UTF8*$!
{
	archiveVersion = 1;
	classes = {
	};
	objectVersion = 46;
	objects = {

/* Begin PBXBuildFile section */
		59E0F574518A0BBB34C54BA0 /* libPods-RMessageTests.a in Frameworks */ = {isa = PBXBuildFile; fileRef = BDC46BE241E93B7667AA86D7 /* libPods-RMessageTests.a */; };
		7A0BF4C31C6AED7300F92A38 /* AlternativeDesigns.json in Resources */ = {isa = PBXBuildFile; fileRef = 7A0BF4C01C6AEAA500F92A38 /* AlternativeDesigns.json */; };
		7A5DD2911FD64CD30078493B /* RootNavigationControllerTests.m in Sources */ = {isa = PBXBuildFile; fileRef = 7A5DD2901FD64CD30078493B /* RootNavigationControllerTests.m */; };
		7A600412203F69AE007B9832 /* RMessageViewTests.m in Sources */ = {isa = PBXBuildFile; fileRef = 7A600411203F69AE007B9832 /* RMessageViewTests.m */; };
		7A600414203F7117007B9832 /* CustomDesignFile.json in Resources */ = {isa = PBXBuildFile; fileRef = 7A600413203F7117007B9832 /* CustomDesignFile.json */; };
		7A8E69EF1FD5E59800CA418A /* RMessageTests.m in Sources */ = {isa = PBXBuildFile; fileRef = 7A8E69EE1FD5E59800CA418A /* RMessageTests.m */; };
		7AAC7C0D205986FF00462859 /* ViewControllerTests.m in Sources */ = {isa = PBXBuildFile; fileRef = 7AAC7C0C205986FF00462859 /* ViewControllerTests.m */; };
		7AAC7C1020598A9400462859 /* UITestHelpers.m in Sources */ = {isa = PBXBuildFile; fileRef = 7AAC7C0F20598A9400462859 /* UITestHelpers.m */; };
		7AD2C5BB1C16735F007C3580 /* main.m in Sources */ = {isa = PBXBuildFile; fileRef = 7AD2C5BA1C16735F007C3580 /* main.m */; };
		7AD2C5BE1C16735F007C3580 /* AppDelegate.m in Sources */ = {isa = PBXBuildFile; fileRef = 7AD2C5BD1C16735F007C3580 /* AppDelegate.m */; };
		7AD2C5C41C16735F007C3580 /* Main.storyboard in Resources */ = {isa = PBXBuildFile; fileRef = 7AD2C5C21C16735F007C3580 /* Main.storyboard */; };
		7AD2C5C61C16735F007C3580 /* Assets.xcassets in Resources */ = {isa = PBXBuildFile; fileRef = 7AD2C5C51C16735F007C3580 /* Assets.xcassets */; };
		7AD2C5D51C1673DF007C3580 /* DemoViewController.m in Sources */ = {isa = PBXBuildFile; fileRef = 7AD2C5D41C1673DF007C3580 /* DemoViewController.m */; };
		9EE78E97B955D2D1A0FEC74F /* libPods-RMessage.a in Frameworks */ = {isa = PBXBuildFile; fileRef = 2348D3162BCD308122824EC5 /* libPods-RMessage.a */; };
		D6923C6B191BD368D2AF2B28 /* libPods-RMessageUITests.a in Frameworks */ = {isa = PBXBuildFile; fileRef = F95A3DA8BDAEB5B1A348DE77 /* libPods-RMessageUITests.a */; };
/* End PBXBuildFile section */

/* Begin PBXContainerItemProxy section */
		7A5DD2931FD64CD30078493B /* PBXContainerItemProxy */ = {
			isa = PBXContainerItemProxy;
			containerPortal = 7AD2C5AE1C16735E007C3580 /* Project object */;
			proxyType = 1;
			remoteGlobalIDString = 7AD2C5B51C16735E007C3580;
			remoteInfo = RMessage;
		};
		7A8E69F11FD5E59800CA418A /* PBXContainerItemProxy */ = {
			isa = PBXContainerItemProxy;
			containerPortal = 7AD2C5AE1C16735E007C3580 /* Project object */;
			proxyType = 1;
			remoteGlobalIDString = 7AD2C5B51C16735E007C3580;
			remoteInfo = RMessage;
		};
/* End PBXContainerItemProxy section */

/* Begin PBXFileReference section */
		11E1F066F1DE9E06FA40CCCE /* Pods-RMessageUITests.debug.xcconfig */ = {isa = PBXFileReference; includeInIndex = 1; lastKnownFileType = text.xcconfig; name = "Pods-RMessageUITests.debug.xcconfig"; path = "Pods/Target Support Files/Pods-RMessageUITests/Pods-RMessageUITests.debug.xcconfig"; sourceTree = "<group>"; };
		2348D3162BCD308122824EC5 /* libPods-RMessage.a */ = {isa = PBXFileReference; explicitFileType = archive.ar; includeInIndex = 0; path = "libPods-RMessage.a"; sourceTree = BUILT_PRODUCTS_DIR; };
		4135927AB055678894BC42E1 /* Pods-RMessage.release.xcconfig */ = {isa = PBXFileReference; includeInIndex = 1; lastKnownFileType = text.xcconfig; name = "Pods-RMessage.release.xcconfig"; path = "Pods/Target Support Files/Pods-RMessage/Pods-RMessage.release.xcconfig"; sourceTree = "<group>"; };
		7A0BF4C01C6AEAA500F92A38 /* AlternativeDesigns.json */ = {isa = PBXFileReference; fileEncoding = 4; lastKnownFileType = text.json; path = AlternativeDesigns.json; sourceTree = "<group>"; };
		7A5DD28E1FD64CD30078493B /* RMessageUITests.xctest */ = {isa = PBXFileReference; explicitFileType = wrapper.cfbundle; includeInIndex = 0; path = RMessageUITests.xctest; sourceTree = BUILT_PRODUCTS_DIR; };
		7A5DD2901FD64CD30078493B /* RootNavigationControllerTests.m */ = {isa = PBXFileReference; lastKnownFileType = sourcecode.c.objc; path = RootNavigationControllerTests.m; sourceTree = "<group>"; };
		7A5DD2921FD64CD30078493B /* Info.plist */ = {isa = PBXFileReference; lastKnownFileType = text.plist.xml; path = Info.plist; sourceTree = "<group>"; };
		7A600411203F69AE007B9832 /* RMessageViewTests.m */ = {isa = PBXFileReference; lastKnownFileType = sourcecode.c.objc; path = RMessageViewTests.m; sourceTree = "<group>"; };
		7A600413203F7117007B9832 /* CustomDesignFile.json */ = {isa = PBXFileReference; lastKnownFileType = text.json; path = CustomDesignFile.json; sourceTree = "<group>"; };
		7A8E69EC1FD5E59800CA418A /* RMessageTests.xctest */ = {isa = PBXFileReference; explicitFileType = wrapper.cfbundle; includeInIndex = 0; path = RMessageTests.xctest; sourceTree = BUILT_PRODUCTS_DIR; };
		7A8E69EE1FD5E59800CA418A /* RMessageTests.m */ = {isa = PBXFileReference; lastKnownFileType = sourcecode.c.objc; path = RMessageTests.m; sourceTree = "<group>"; };
		7A8E69F01FD5E59800CA418A /* Info.plist */ = {isa = PBXFileReference; lastKnownFileType = text.plist.xml; path = Info.plist; sourceTree = "<group>"; };
		7AAC7C0C205986FF00462859 /* ViewControllerTests.m */ = {isa = PBXFileReference; lastKnownFileType = sourcecode.c.objc; path = ViewControllerTests.m; sourceTree = "<group>"; };
		7AAC7C0E20598A9400462859 /* UITestHelpers.h */ = {isa = PBXFileReference; lastKnownFileType = sourcecode.c.h; path = UITestHelpers.h; sourceTree = "<group>"; };
		7AAC7C0F20598A9400462859 /* UITestHelpers.m */ = {isa = PBXFileReference; lastKnownFileType = sourcecode.c.objc; path = UITestHelpers.m; sourceTree = "<group>"; };
		7AD2C5B61C16735E007C3580 /* RMessage.app */ = {isa = PBXFileReference; explicitFileType = wrapper.application; includeInIndex = 0; path = RMessage.app; sourceTree = BUILT_PRODUCTS_DIR; };
		7AD2C5BA1C16735F007C3580 /* main.m */ = {isa = PBXFileReference; lastKnownFileType = sourcecode.c.objc; path = main.m; sourceTree = "<group>"; };
		7AD2C5BC1C16735F007C3580 /* AppDelegate.h */ = {isa = PBXFileReference; lastKnownFileType = sourcecode.c.h; path = AppDelegate.h; sourceTree = "<group>"; };
		7AD2C5BD1C16735F007C3580 /* AppDelegate.m */ = {isa = PBXFileReference; lastKnownFileType = sourcecode.c.objc; path = AppDelegate.m; sourceTree = "<group>"; };
		7AD2C5C31C16735F007C3580 /* Base */ = {isa = PBXFileReference; lastKnownFileType = file.storyboard; name = Base; path = Base.lproj/Main.storyboard; sourceTree = "<group>"; };
		7AD2C5C51C16735F007C3580 /* Assets.xcassets */ = {isa = PBXFileReference; lastKnownFileType = folder.assetcatalog; path = Assets.xcassets; sourceTree = "<group>"; };
		7AD2C5CA1C16735F007C3580 /* Info.plist */ = {isa = PBXFileReference; lastKnownFileType = text.plist.xml; path = Info.plist; sourceTree = "<group>"; };
		7AD2C5D31C1673DF007C3580 /* DemoViewController.h */ = {isa = PBXFileReference; fileEncoding = 4; lastKnownFileType = sourcecode.c.h; name = DemoViewController.h; path = ../DemoViewController.h; sourceTree = "<group>"; };
		7AD2C5D41C1673DF007C3580 /* DemoViewController.m */ = {isa = PBXFileReference; fileEncoding = 4; lastKnownFileType = sourcecode.c.objc; name = DemoViewController.m; path = ../DemoViewController.m; sourceTree = "<group>"; };
		8F59F34DDE6C1AEAFA87D765 /* Pods-RMessageTests.release.xcconfig */ = {isa = PBXFileReference; includeInIndex = 1; lastKnownFileType = text.xcconfig; name = "Pods-RMessageTests.release.xcconfig"; path = "Pods/Target Support Files/Pods-RMessageTests/Pods-RMessageTests.release.xcconfig"; sourceTree = "<group>"; };
		907F4FF90C5260395D92044F /* Pods-RMessageUITests.release.xcconfig */ = {isa = PBXFileReference; includeInIndex = 1; lastKnownFileType = text.xcconfig; name = "Pods-RMessageUITests.release.xcconfig"; path = "Pods/Target Support Files/Pods-RMessageUITests/Pods-RMessageUITests.release.xcconfig"; sourceTree = "<group>"; };
		9E10FBE0A8A15EF43773E888 /* Pods-RMessageTests.debug.xcconfig */ = {isa = PBXFileReference; includeInIndex = 1; lastKnownFileType = text.xcconfig; name = "Pods-RMessageTests.debug.xcconfig"; path = "Pods/Target Support Files/Pods-RMessageTests/Pods-RMessageTests.debug.xcconfig"; sourceTree = "<group>"; };
		BDC46BE241E93B7667AA86D7 /* libPods-RMessageTests.a */ = {isa = PBXFileReference; explicitFileType = archive.ar; includeInIndex = 0; path = "libPods-RMessageTests.a"; sourceTree = BUILT_PRODUCTS_DIR; };
		E03F1015EC133BF785555F27 /* Pods-RMessage.debug.xcconfig */ = {isa = PBXFileReference; includeInIndex = 1; lastKnownFileType = text.xcconfig; name = "Pods-RMessage.debug.xcconfig"; path = "Pods/Target Support Files/Pods-RMessage/Pods-RMessage.debug.xcconfig"; sourceTree = "<group>"; };
		F95A3DA8BDAEB5B1A348DE77 /* libPods-RMessageUITests.a */ = {isa = PBXFileReference; explicitFileType = archive.ar; includeInIndex = 0; path = "libPods-RMessageUITests.a"; sourceTree = BUILT_PRODUCTS_DIR; };
/* End PBXFileReference section */

/* Begin PBXFrameworksBuildPhase section */
		7A5DD28B1FD64CD30078493B /* Frameworks */ = {
			isa = PBXFrameworksBuildPhase;
			buildActionMask = 2147483647;
			files = (
				D6923C6B191BD368D2AF2B28 /* libPods-RMessageUITests.a in Frameworks */,
			);
			runOnlyForDeploymentPostprocessing = 0;
		};
		7A8E69E91FD5E59800CA418A /* Frameworks */ = {
			isa = PBXFrameworksBuildPhase;
			buildActionMask = 2147483647;
			files = (
				59E0F574518A0BBB34C54BA0 /* libPods-RMessageTests.a in Frameworks */,
			);
			runOnlyForDeploymentPostprocessing = 0;
		};
		7AD2C5B31C16735E007C3580 /* Frameworks */ = {
			isa = PBXFrameworksBuildPhase;
			buildActionMask = 2147483647;
			files = (
				9EE78E97B955D2D1A0FEC74F /* libPods-RMessage.a in Frameworks */,
			);
			runOnlyForDeploymentPostprocessing = 0;
		};
/* End PBXFrameworksBuildPhase section */

/* Begin PBXGroup section */
		466A8545BAD9F4E2078E4EB1 /* Frameworks */ = {
			isa = PBXGroup;
			children = (
				2348D3162BCD308122824EC5 /* libPods-RMessage.a */,
				BDC46BE241E93B7667AA86D7 /* libPods-RMessageTests.a */,
				F95A3DA8BDAEB5B1A348DE77 /* libPods-RMessageUITests.a */,
			);
			name = Frameworks;
			sourceTree = "<group>";
		};
		7410A5CE830B3A57D6337ADD /* Pods */ = {
			isa = PBXGroup;
			children = (
				E03F1015EC133BF785555F27 /* Pods-RMessage.debug.xcconfig */,
				4135927AB055678894BC42E1 /* Pods-RMessage.release.xcconfig */,
				9E10FBE0A8A15EF43773E888 /* Pods-RMessageTests.debug.xcconfig */,
				8F59F34DDE6C1AEAFA87D765 /* Pods-RMessageTests.release.xcconfig */,
				11E1F066F1DE9E06FA40CCCE /* Pods-RMessageUITests.debug.xcconfig */,
				907F4FF90C5260395D92044F /* Pods-RMessageUITests.release.xcconfig */,
			);
			name = Pods;
			sourceTree = "<group>";
		};
		7A0BF4C21C6AEADD00F92A38 /* Resources */ = {
			isa = PBXGroup;
			children = (
				7A0BF4C01C6AEAA500F92A38 /* AlternativeDesigns.json */,
			);
			name = Resources;
			sourceTree = "<group>";
		};
		7A5DD28F1FD64CD30078493B /* RMessageUITests */ = {
			isa = PBXGroup;
			children = (
				7AAC7C0E20598A9400462859 /* UITestHelpers.h */,
				7AAC7C0F20598A9400462859 /* UITestHelpers.m */,
				7A5DD2901FD64CD30078493B /* RootNavigationControllerTests.m */,
				7AAC7C0C205986FF00462859 /* ViewControllerTests.m */,
				7A5DD2921FD64CD30078493B /* Info.plist */,
			);
			path = RMessageUITests;
			sourceTree = "<group>";
		};
		7A8E69ED1FD5E59800CA418A /* RMessageTests */ = {
			isa = PBXGroup;
			children = (
				7A600411203F69AE007B9832 /* RMessageViewTests.m */,
				7A8E69EE1FD5E59800CA418A /* RMessageTests.m */,
				7A600413203F7117007B9832 /* CustomDesignFile.json */,
				7A8E69F01FD5E59800CA418A /* Info.plist */,
			);
			path = RMessageTests;
			sourceTree = "<group>";
		};
		7AD2C5AD1C16735E007C3580 = {
			isa = PBXGroup;
			children = (
				7AD2C5B81C16735F007C3580 /* Demo */,
				7A8E69ED1FD5E59800CA418A /* RMessageTests */,
				7A5DD28F1FD64CD30078493B /* RMessageUITests */,
				7AD2C5B71C16735E007C3580 /* Products */,
				7410A5CE830B3A57D6337ADD /* Pods */,
				466A8545BAD9F4E2078E4EB1 /* Frameworks */,
			);
			sourceTree = "<group>";
		};
		7AD2C5B71C16735E007C3580 /* Products */ = {
			isa = PBXGroup;
			children = (
				7AD2C5B61C16735E007C3580 /* RMessage.app */,
				7A8E69EC1FD5E59800CA418A /* RMessageTests.xctest */,
				7A5DD28E1FD64CD30078493B /* RMessageUITests.xctest */,
			);
			name = Products;
			sourceTree = "<group>";
		};
		7AD2C5B81C16735F007C3580 /* Demo */ = {
			isa = PBXGroup;
			children = (
				7AD2C5BC1C16735F007C3580 /* AppDelegate.h */,
				7AD2C5BD1C16735F007C3580 /* AppDelegate.m */,
				7AD2C5D31C1673DF007C3580 /* DemoViewController.h */,
				7AD2C5D41C1673DF007C3580 /* DemoViewController.m */,
				7AD2C5C21C16735F007C3580 /* Main.storyboard */,
				7AD2C5C51C16735F007C3580 /* Assets.xcassets */,
				7A0BF4C21C6AEADD00F92A38 /* Resources */,
				7AD2C5CA1C16735F007C3580 /* Info.plist */,
				7AD2C5B91C16735F007C3580 /* Supporting Files */,
			);
			name = Demo;
			path = RMessage;
			sourceTree = "<group>";
		};
		7AD2C5B91C16735F007C3580 /* Supporting Files */ = {
			isa = PBXGroup;
			children = (
				7AD2C5BA1C16735F007C3580 /* main.m */,
			);
			name = "Supporting Files";
			sourceTree = "<group>";
		};
/* End PBXGroup section */

/* Begin PBXNativeTarget section */
		7A5DD28D1FD64CD30078493B /* RMessageUITests */ = {
			isa = PBXNativeTarget;
			buildConfigurationList = 7A5DD2971FD64CD30078493B /* Build configuration list for PBXNativeTarget "RMessageUITests" */;
			buildPhases = (
				11F1A888C5BA77679108F699 /* [CP] Check Pods Manifest.lock */,
				7A5DD28A1FD64CD30078493B /* Sources */,
				7A5DD28B1FD64CD30078493B /* Frameworks */,
				7A5DD28C1FD64CD30078493B /* Resources */,
			);
			buildRules = (
			);
			dependencies = (
				7A5DD2941FD64CD30078493B /* PBXTargetDependency */,
			);
			name = RMessageUITests;
			productName = RMessageUITests;
			productReference = 7A5DD28E1FD64CD30078493B /* RMessageUITests.xctest */;
			productType = "com.apple.product-type.bundle.ui-testing";
		};
		7A8E69EB1FD5E59800CA418A /* RMessageTests */ = {
			isa = PBXNativeTarget;
			buildConfigurationList = 7A8E69F51FD5E59800CA418A /* Build configuration list for PBXNativeTarget "RMessageTests" */;
			buildPhases = (
				76B95D0809774CD3632BBFD6 /* [CP] Check Pods Manifest.lock */,
				7A8E69E81FD5E59800CA418A /* Sources */,
				7A8E69E91FD5E59800CA418A /* Frameworks */,
				7A8E69EA1FD5E59800CA418A /* Resources */,
			);
			buildRules = (
			);
			dependencies = (
				7A8E69F21FD5E59800CA418A /* PBXTargetDependency */,
			);
			name = RMessageTests;
			productName = RMessageTests;
			productReference = 7A8E69EC1FD5E59800CA418A /* RMessageTests.xctest */;
			productType = "com.apple.product-type.bundle.unit-test";
		};
		7AD2C5B51C16735E007C3580 /* RMessage */ = {
			isa = PBXNativeTarget;
			buildConfigurationList = 7AD2C5CD1C16735F007C3580 /* Build configuration list for PBXNativeTarget "RMessage" */;
			buildPhases = (
				791415B2244664DEAF7520C3 /* [CP] Check Pods Manifest.lock */,
				7AD2C5B21C16735E007C3580 /* Sources */,
				7AD2C5B31C16735E007C3580 /* Frameworks */,
				7AD2C5B41C16735E007C3580 /* Resources */,
				8F8A7C132FB881CE238B9622 /* [CP] Copy Pods Resources */,
			);
			buildRules = (
			);
			dependencies = (
			);
			name = RMessage;
			productName = RMessage;
			productReference = 7AD2C5B61C16735E007C3580 /* RMessage.app */;
			productType = "com.apple.product-type.application";
		};
/* End PBXNativeTarget section */

/* Begin PBXProject section */
		7AD2C5AE1C16735E007C3580 /* Project object */ = {
			isa = PBXProject;
			attributes = {
				LastUpgradeCheck = 1000;
				ORGANIZATIONNAME = "";
				TargetAttributes = {
					7A5DD28D1FD64CD30078493B = {
						CreatedOnToolsVersion = 9.2;
						ProvisioningStyle = Automatic;
						TestTargetID = 7AD2C5B51C16735E007C3580;
					};
					7A8E69EB1FD5E59800CA418A = {
						CreatedOnToolsVersion = 9.2;
						ProvisioningStyle = Manual;
						TestTargetID = 7AD2C5B51C16735E007C3580;
					};
					7AD2C5B51C16735E007C3580 = {
						CreatedOnToolsVersion = 7.1.1;
						ProvisioningStyle = Manual;
					};
				};
			};
			buildConfigurationList = 7AD2C5B11C16735E007C3580 /* Build configuration list for PBXProject "RMessage" */;
			compatibilityVersion = "Xcode 3.2";
			developmentRegion = English;
			hasScannedForEncodings = 0;
			knownRegions = (
				en,
				Base,
			);
			mainGroup = 7AD2C5AD1C16735E007C3580;
			productRefGroup = 7AD2C5B71C16735E007C3580 /* Products */;
			projectDirPath = "";
			projectRoot = "";
			targets = (
				7AD2C5B51C16735E007C3580 /* RMessage */,
				7A8E69EB1FD5E59800CA418A /* RMessageTests */,
				7A5DD28D1FD64CD30078493B /* RMessageUITests */,
			);
		};
/* End PBXProject section */

/* Begin PBXResourcesBuildPhase section */
		7A5DD28C1FD64CD30078493B /* Resources */ = {
			isa = PBXResourcesBuildPhase;
			buildActionMask = 2147483647;
			files = (
			);
			runOnlyForDeploymentPostprocessing = 0;
		};
		7A8E69EA1FD5E59800CA418A /* Resources */ = {
			isa = PBXResourcesBuildPhase;
			buildActionMask = 2147483647;
			files = (
				7A600414203F7117007B9832 /* CustomDesignFile.json in Resources */,
			);
			runOnlyForDeploymentPostprocessing = 0;
		};
		7AD2C5B41C16735E007C3580 /* Resources */ = {
			isa = PBXResourcesBuildPhase;
			buildActionMask = 2147483647;
			files = (
				7A0BF4C31C6AED7300F92A38 /* AlternativeDesigns.json in Resources */,
				7AD2C5C61C16735F007C3580 /* Assets.xcassets in Resources */,
				7AD2C5C41C16735F007C3580 /* Main.storyboard in Resources */,
			);
			runOnlyForDeploymentPostprocessing = 0;
		};
/* End PBXResourcesBuildPhase section */

/* Begin PBXShellScriptBuildPhase section */
		11F1A888C5BA77679108F699 /* [CP] Check Pods Manifest.lock */ = {
			isa = PBXShellScriptBuildPhase;
			buildActionMask = 2147483647;
			files = (
			);
			inputPaths = (
				"${PODS_PODFILE_DIR_PATH}/Podfile.lock",
				"${PODS_ROOT}/Manifest.lock",
			);
			name = "[CP] Check Pods Manifest.lock";
			outputPaths = (
				"$(DERIVED_FILE_DIR)/Pods-RMessageUITests-checkManifestLockResult.txt",
			);
			runOnlyForDeploymentPostprocessing = 0;
			shellPath = /bin/sh;
			shellScript = "diff \"${PODS_PODFILE_DIR_PATH}/Podfile.lock\" \"${PODS_ROOT}/Manifest.lock\" > /dev/null\nif [ $? != 0 ] ; then\n    # print error to STDERR\n    echo \"error: The sandbox is not in sync with the Podfile.lock. Run 'pod install' or update your CocoaPods installation.\" >&2\n    exit 1\nfi\n# This output is used by Xcode 'outputs' to avoid re-running this script phase.\necho \"SUCCESS\" > \"${SCRIPT_OUTPUT_FILE_0}\"\n";
			showEnvVarsInLog = 0;
		};
		76B95D0809774CD3632BBFD6 /* [CP] Check Pods Manifest.lock */ = {
			isa = PBXShellScriptBuildPhase;
			buildActionMask = 2147483647;
			files = (
			);
			inputPaths = (
				"${PODS_PODFILE_DIR_PATH}/Podfile.lock",
				"${PODS_ROOT}/Manifest.lock",
			);
			name = "[CP] Check Pods Manifest.lock";
			outputPaths = (
				"$(DERIVED_FILE_DIR)/Pods-RMessageTests-checkManifestLockResult.txt",
			);
			runOnlyForDeploymentPostprocessing = 0;
			shellPath = /bin/sh;
			shellScript = "diff \"${PODS_PODFILE_DIR_PATH}/Podfile.lock\" \"${PODS_ROOT}/Manifest.lock\" > /dev/null\nif [ $? != 0 ] ; then\n    # print error to STDERR\n    echo \"error: The sandbox is not in sync with the Podfile.lock. Run 'pod install' or update your CocoaPods installation.\" >&2\n    exit 1\nfi\n# This output is used by Xcode 'outputs' to avoid re-running this script phase.\necho \"SUCCESS\" > \"${SCRIPT_OUTPUT_FILE_0}\"\n";
			showEnvVarsInLog = 0;
		};
		791415B2244664DEAF7520C3 /* [CP] Check Pods Manifest.lock */ = {
			isa = PBXShellScriptBuildPhase;
			buildActionMask = 2147483647;
			files = (
			);
			inputPaths = (
				"${PODS_PODFILE_DIR_PATH}/Podfile.lock",
				"${PODS_ROOT}/Manifest.lock",
			);
			name = "[CP] Check Pods Manifest.lock";
			outputPaths = (
				"$(DERIVED_FILE_DIR)/Pods-RMessage-checkManifestLockResult.txt",
			);
			runOnlyForDeploymentPostprocessing = 0;
			shellPath = /bin/sh;
			shellScript = "diff \"${PODS_PODFILE_DIR_PATH}/Podfile.lock\" \"${PODS_ROOT}/Manifest.lock\" > /dev/null\nif [ $? != 0 ] ; then\n    # print error to STDERR\n    echo \"error: The sandbox is not in sync with the Podfile.lock. Run 'pod install' or update your CocoaPods installation.\" >&2\n    exit 1\nfi\n# This output is used by Xcode 'outputs' to avoid re-running this script phase.\necho \"SUCCESS\" > \"${SCRIPT_OUTPUT_FILE_0}\"\n";
			showEnvVarsInLog = 0;
		};
		8F8A7C132FB881CE238B9622 /* [CP] Copy Pods Resources */ = {
			isa = PBXShellScriptBuildPhase;
			buildActionMask = 2147483647;
			files = (
			);
			inputPaths = (
				"${SRCROOT}/Pods/Target Support Files/Pods-RMessage/Pods-RMessage-resources.sh",
				"${PODS_ROOT}/../../RMessage/Resources/RMessageView.xib",
				"${PODS_ROOT}/../../RMessage/Assets/Icons.xcassets/Contents.json",
				"${PODS_ROOT}/../../RMessage/Assets/Icons.xcassets/NotificationBackgroundErrorIcon.imageset/Contents.json",
				"${PODS_ROOT}/../../RMessage/Assets/Icons.xcassets/NotificationBackgroundErrorIcon.imageset/NotificationBackgroundErrorIcon.png",
				"${PODS_ROOT}/../../RMessage/Assets/Icons.xcassets/NotificationBackgroundErrorIcon.imageset/NotificationBackgroundErrorIcon@2x.png",
				"${PODS_ROOT}/../../RMessage/Assets/Icons.xcassets/NotificationBackgroundSuccessIcon.imageset/Contents.json",
				"${PODS_ROOT}/../../RMessage/Assets/Icons.xcassets/NotificationBackgroundSuccessIcon.imageset/NotificationBackgroundSuccessIcon.png",
				"${PODS_ROOT}/../../RMessage/Assets/Icons.xcassets/NotificationBackgroundSuccessIcon.imageset/NotificationBackgroundSuccessIcon@2x.png",
				"${PODS_ROOT}/../../RMessage/Assets/Icons.xcassets/NotificationBackgroundWarningIcon.imageset/Contents.json",
				"${PODS_ROOT}/../../RMessage/Assets/Icons.xcassets/NotificationBackgroundWarningIcon.imageset/NotificationBackgroundWarningIcon.png",
				"${PODS_ROOT}/../../RMessage/Assets/Icons.xcassets/NotificationBackgroundWarningIcon.imageset/NotificationBackgroundWarningIcon@2x.png",
				"${PODS_ROOT}/../../RMessage/Assets/Icons.xcassets/NotificationButtonBackground.imageset/Contents.json",
				"${PODS_ROOT}/../../RMessage/Assets/Icons.xcassets/NotificationButtonBackground.imageset/NotificationButtonBackground.png",
				"${PODS_ROOT}/../../RMessage/Assets/Icons.xcassets/NotificationButtonBackground.imageset/NotificationButtonBackground@2x.png",
				"${PODS_ROOT}/../../RMessage/Assets/RMessageDefaultDesign.json",
			);
			name = "[CP] Copy Pods Resources";
			outputPaths = (
				"${TARGET_BUILD_DIR}/${UNLOCALIZED_RESOURCES_FOLDER_PATH}/RMessageView.nib",
				"${TARGET_BUILD_DIR}/${UNLOCALIZED_RESOURCES_FOLDER_PATH}/Contents.json",
				"${TARGET_BUILD_DIR}/${UNLOCALIZED_RESOURCES_FOLDER_PATH}/NotificationBackgroundErrorIcon.png",
				"${TARGET_BUILD_DIR}/${UNLOCALIZED_RESOURCES_FOLDER_PATH}/NotificationBackgroundErrorIcon@2x.png",
				"${TARGET_BUILD_DIR}/${UNLOCALIZED_RESOURCES_FOLDER_PATH}/NotificationBackgroundSuccessIcon.png",
				"${TARGET_BUILD_DIR}/${UNLOCALIZED_RESOURCES_FOLDER_PATH}/NotificationBackgroundSuccessIcon@2x.png",
				"${TARGET_BUILD_DIR}/${UNLOCALIZED_RESOURCES_FOLDER_PATH}/NotificationBackgroundWarningIcon.png",
				"${TARGET_BUILD_DIR}/${UNLOCALIZED_RESOURCES_FOLDER_PATH}/NotificationBackgroundWarningIcon@2x.png",
				"${TARGET_BUILD_DIR}/${UNLOCALIZED_RESOURCES_FOLDER_PATH}/NotificationButtonBackground.png",
				"${TARGET_BUILD_DIR}/${UNLOCALIZED_RESOURCES_FOLDER_PATH}/NotificationButtonBackground@2x.png",
				"${TARGET_BUILD_DIR}/${UNLOCALIZED_RESOURCES_FOLDER_PATH}/RMessageDefaultDesign.json",
			);
			runOnlyForDeploymentPostprocessing = 0;
			shellPath = /bin/sh;
			shellScript = "\"${SRCROOT}/Pods/Target Support Files/Pods-RMessage/Pods-RMessage-resources.sh\"\n";
			showEnvVarsInLog = 0;
		};
/* End PBXShellScriptBuildPhase section */

/* Begin PBXSourcesBuildPhase section */
		7A5DD28A1FD64CD30078493B /* Sources */ = {
			isa = PBXSourcesBuildPhase;
			buildActionMask = 2147483647;
			files = (
				7AAC7C0D205986FF00462859 /* ViewControllerTests.m in Sources */,
				7A5DD2911FD64CD30078493B /* RootNavigationControllerTests.m in Sources */,
				7AAC7C1020598A9400462859 /* UITestHelpers.m in Sources */,
			);
			runOnlyForDeploymentPostprocessing = 0;
		};
		7A8E69E81FD5E59800CA418A /* Sources */ = {
			isa = PBXSourcesBuildPhase;
			buildActionMask = 2147483647;
			files = (
				7A8E69EF1FD5E59800CA418A /* RMessageTests.m in Sources */,
				7A600412203F69AE007B9832 /* RMessageViewTests.m in Sources */,
			);
			runOnlyForDeploymentPostprocessing = 0;
		};
		7AD2C5B21C16735E007C3580 /* Sources */ = {
			isa = PBXSourcesBuildPhase;
			buildActionMask = 2147483647;
			files = (
				7AD2C5BE1C16735F007C3580 /* AppDelegate.m in Sources */,
				7AD2C5D51C1673DF007C3580 /* DemoViewController.m in Sources */,
				7AD2C5BB1C16735F007C3580 /* main.m in Sources */,
			);
			runOnlyForDeploymentPostprocessing = 0;
		};
/* End PBXSourcesBuildPhase section */

/* Begin PBXTargetDependency section */
		7A5DD2941FD64CD30078493B /* PBXTargetDependency */ = {
			isa = PBXTargetDependency;
			target = 7AD2C5B51C16735E007C3580 /* RMessage */;
			targetProxy = 7A5DD2931FD64CD30078493B /* PBXContainerItemProxy */;
		};
		7A8E69F21FD5E59800CA418A /* PBXTargetDependency */ = {
			isa = PBXTargetDependency;
			target = 7AD2C5B51C16735E007C3580 /* RMessage */;
			targetProxy = 7A8E69F11FD5E59800CA418A /* PBXContainerItemProxy */;
		};
/* End PBXTargetDependency section */

/* Begin PBXVariantGroup section */
		7AD2C5C21C16735F007C3580 /* Main.storyboard */ = {
			isa = PBXVariantGroup;
			children = (
				7AD2C5C31C16735F007C3580 /* Base */,
			);
			name = Main.storyboard;
			sourceTree = "<group>";
		};
/* End PBXVariantGroup section */

/* Begin XCBuildConfiguration section */
		7A5DD2951FD64CD30078493B /* Debug */ = {
			isa = XCBuildConfiguration;
			baseConfigurationReference = 11E1F066F1DE9E06FA40CCCE /* Pods-RMessageUITests.debug.xcconfig */;
			buildSettings = {
				CLANG_ANALYZER_NONNULL = YES;
				CLANG_ANALYZER_NUMBER_OBJECT_CONVERSION = YES_AGGRESSIVE;
				CLANG_CXX_LANGUAGE_STANDARD = "gnu++14";
				CLANG_WARN_DOCUMENTATION_COMMENTS = YES;
				CLANG_WARN_UNGUARDED_AVAILABILITY = YES_AGGRESSIVE;
				CODE_SIGN_IDENTITY = "iPhone Developer";
				CODE_SIGN_STYLE = Automatic;
				GCC_C_LANGUAGE_STANDARD = gnu11;
				INFOPLIST_FILE = RMessageUITests/Info.plist;
				IPHONEOS_DEPLOYMENT_TARGET = 11.2;
				LD_RUNPATH_SEARCH_PATHS = "$(inherited) @executable_path/Frameworks @loader_path/Frameworks";
				PRODUCT_BUNDLE_IDENTIFIER = com.testdomain.RMessageUITests;
				PRODUCT_NAME = "$(TARGET_NAME)";
				TARGETED_DEVICE_FAMILY = "1,2";
				TEST_TARGET_NAME = RMessage;
			};
			name = Debug;
		};
		7A5DD2961FD64CD30078493B /* Release */ = {
			isa = XCBuildConfiguration;
			baseConfigurationReference = 907F4FF90C5260395D92044F /* Pods-RMessageUITests.release.xcconfig */;
			buildSettings = {
				CLANG_ANALYZER_NONNULL = YES;
				CLANG_ANALYZER_NUMBER_OBJECT_CONVERSION = YES_AGGRESSIVE;
				CLANG_CXX_LANGUAGE_STANDARD = "gnu++14";
				CLANG_WARN_DOCUMENTATION_COMMENTS = YES;
				CLANG_WARN_UNGUARDED_AVAILABILITY = YES_AGGRESSIVE;
				CODE_SIGN_IDENTITY = "iPhone Developer";
				CODE_SIGN_STYLE = Automatic;
				GCC_C_LANGUAGE_STANDARD = gnu11;
				INFOPLIST_FILE = RMessageUITests/Info.plist;
				IPHONEOS_DEPLOYMENT_TARGET = 11.2;
				LD_RUNPATH_SEARCH_PATHS = "$(inherited) @executable_path/Frameworks @loader_path/Frameworks";
				PRODUCT_BUNDLE_IDENTIFIER = com.testdomain.RMessageUITests;
				PRODUCT_NAME = "$(TARGET_NAME)";
				TARGETED_DEVICE_FAMILY = "1,2";
				TEST_TARGET_NAME = RMessage;
			};
			name = Release;
		};
		7A8E69F31FD5E59800CA418A /* Debug */ = {
			isa = XCBuildConfiguration;
			baseConfigurationReference = 9E10FBE0A8A15EF43773E888 /* Pods-RMessageTests.debug.xcconfig */;
			buildSettings = {
				BUNDLE_LOADER = "$(TEST_HOST)";
				CLANG_ANALYZER_NONNULL = YES;
				CLANG_ANALYZER_NUMBER_OBJECT_CONVERSION = YES_AGGRESSIVE;
				CLANG_CXX_LANGUAGE_STANDARD = "gnu++14";
				CLANG_WARN_DOCUMENTATION_COMMENTS = YES;
				CLANG_WARN_UNGUARDED_AVAILABILITY = YES_AGGRESSIVE;
				CODE_SIGN_IDENTITY = "";
				CODE_SIGN_STYLE = Manual;
				DEVELOPMENT_TEAM = "";
				GCC_C_LANGUAGE_STANDARD = gnu11;
				INFOPLIST_FILE = RMessageTests/Info.plist;
				IPHONEOS_DEPLOYMENT_TARGET = 11.2;
				LD_RUNPATH_SEARCH_PATHS = "$(inherited) @executable_path/Frameworks @loader_path/Frameworks";
				PRODUCT_BUNDLE_IDENTIFIER = com.testdomain.RMessageTests;
				PRODUCT_NAME = "$(TARGET_NAME)";
				PROVISIONING_PROFILE_SPECIFIER = "";
				TARGETED_DEVICE_FAMILY = "1,2";
				TEST_HOST = "$(BUILT_PRODUCTS_DIR)/RMessage.app/RMessage";
			};
			name = Debug;
		};
		7A8E69F41FD5E59800CA418A /* Release */ = {
			isa = XCBuildConfiguration;
			baseConfigurationReference = 8F59F34DDE6C1AEAFA87D765 /* Pods-RMessageTests.release.xcconfig */;
			buildSettings = {
				BUNDLE_LOADER = "$(TEST_HOST)";
				CLANG_ANALYZER_NONNULL = YES;
				CLANG_ANALYZER_NUMBER_OBJECT_CONVERSION = YES_AGGRESSIVE;
				CLANG_CXX_LANGUAGE_STANDARD = "gnu++14";
				CLANG_WARN_DOCUMENTATION_COMMENTS = YES;
				CLANG_WARN_UNGUARDED_AVAILABILITY = YES_AGGRESSIVE;
				CODE_SIGN_IDENTITY = "";
				CODE_SIGN_STYLE = Manual;
				DEVELOPMENT_TEAM = "";
				GCC_C_LANGUAGE_STANDARD = gnu11;
				INFOPLIST_FILE = RMessageTests/Info.plist;
				IPHONEOS_DEPLOYMENT_TARGET = 11.2;
				LD_RUNPATH_SEARCH_PATHS = "$(inherited) @executable_path/Frameworks @loader_path/Frameworks";
				PRODUCT_BUNDLE_IDENTIFIER = com.testdomain.RMessageTests;
				PRODUCT_NAME = "$(TARGET_NAME)";
				PROVISIONING_PROFILE_SPECIFIER = "";
				TARGETED_DEVICE_FAMILY = "1,2";
				TEST_HOST = "$(BUILT_PRODUCTS_DIR)/RMessage.app/RMessage";
			};
			name = Release;
		};
		7AD2C5CB1C16735F007C3580 /* Debug */ = {
			isa = XCBuildConfiguration;
			buildSettings = {
				ALWAYS_SEARCH_USER_PATHS = NO;
				CLANG_CXX_LANGUAGE_STANDARD = "gnu++0x";
				CLANG_CXX_LIBRARY = "libc++";
				CLANG_ENABLE_MODULES = YES;
				CLANG_ENABLE_OBJC_ARC = YES;
				CLANG_WARN_BLOCK_CAPTURE_AUTORELEASING = YES;
				CLANG_WARN_BOOL_CONVERSION = YES;
				CLANG_WARN_COMMA = YES;
				CLANG_WARN_CONSTANT_CONVERSION = YES;
				CLANG_WARN_DEPRECATED_OBJC_IMPLEMENTATIONS = YES;
				CLANG_WARN_DIRECT_OBJC_ISA_USAGE = YES_ERROR;
				CLANG_WARN_EMPTY_BODY = YES;
				CLANG_WARN_ENUM_CONVERSION = YES;
				CLANG_WARN_INFINITE_RECURSION = YES;
				CLANG_WARN_INT_CONVERSION = YES;
				CLANG_WARN_NON_LITERAL_NULL_CONVERSION = YES;
				CLANG_WARN_OBJC_IMPLICIT_RETAIN_SELF = YES;
				CLANG_WARN_OBJC_LITERAL_CONVERSION = YES;
				CLANG_WARN_OBJC_ROOT_CLASS = YES_ERROR;
				CLANG_WARN_RANGE_LOOP_ANALYSIS = YES;
				CLANG_WARN_STRICT_PROTOTYPES = YES;
				CLANG_WARN_SUSPICIOUS_MOVE = YES;
				CLANG_WARN_UNREACHABLE_CODE = YES;
				CLANG_WARN__DUPLICATE_METHOD_MATCH = YES;
				"CODE_SIGN_IDENTITY[sdk=iphoneos*]" = "";
				COPY_PHASE_STRIP = NO;
				DEBUG_INFORMATION_FORMAT = dwarf;
				ENABLE_STRICT_OBJC_MSGSEND = YES;
				ENABLE_TESTABILITY = YES;
				GCC_C_LANGUAGE_STANDARD = gnu99;
				GCC_DYNAMIC_NO_PIC = NO;
				GCC_NO_COMMON_BLOCKS = YES;
				GCC_OPTIMIZATION_LEVEL = 0;
				GCC_PREPROCESSOR_DEFINITIONS = (
					"DEBUG=1",
					"$(inherited)",
				);
				GCC_WARN_64_TO_32_BIT_CONVERSION = YES;
				GCC_WARN_ABOUT_RETURN_TYPE = YES_ERROR;
				GCC_WARN_UNDECLARED_SELECTOR = YES;
				GCC_WARN_UNINITIALIZED_AUTOS = YES_AGGRESSIVE;
				GCC_WARN_UNUSED_FUNCTION = YES;
				GCC_WARN_UNUSED_VARIABLE = YES;
				IPHONEOS_DEPLOYMENT_TARGET = 9.0;
				MTL_ENABLE_DEBUG_INFO = YES;
				ONLY_ACTIVE_ARCH = YES;
				SDKROOT = iphoneos;
				TARGETED_DEVICE_FAMILY = "1,2";
			};
			name = Debug;
		};
		7AD2C5CC1C16735F007C3580 /* Release */ = {
			isa = XCBuildConfiguration;
			buildSettings = {
				ALWAYS_SEARCH_USER_PATHS = NO;
				CLANG_CXX_LANGUAGE_STANDARD = "gnu++0x";
				CLANG_CXX_LIBRARY = "libc++";
				CLANG_ENABLE_MODULES = YES;
				CLANG_ENABLE_OBJC_ARC = YES;
				CLANG_WARN_BLOCK_CAPTURE_AUTORELEASING = YES;
				CLANG_WARN_BOOL_CONVERSION = YES;
				CLANG_WARN_COMMA = YES;
				CLANG_WARN_CONSTANT_CONVERSION = YES;
				CLANG_WARN_DEPRECATED_OBJC_IMPLEMENTATIONS = YES;
				CLANG_WARN_DIRECT_OBJC_ISA_USAGE = YES_ERROR;
				CLANG_WARN_EMPTY_BODY = YES;
				CLANG_WARN_ENUM_CONVERSION = YES;
				CLANG_WARN_INFINITE_RECURSION = YES;
				CLANG_WARN_INT_CONVERSION = YES;
				CLANG_WARN_NON_LITERAL_NULL_CONVERSION = YES;
				CLANG_WARN_OBJC_IMPLICIT_RETAIN_SELF = YES;
				CLANG_WARN_OBJC_LITERAL_CONVERSION = YES;
				CLANG_WARN_OBJC_ROOT_CLASS = YES_ERROR;
				CLANG_WARN_RANGE_LOOP_ANALYSIS = YES;
				CLANG_WARN_STRICT_PROTOTYPES = YES;
				CLANG_WARN_SUSPICIOUS_MOVE = YES;
				CLANG_WARN_UNREACHABLE_CODE = YES;
				CLANG_WARN__DUPLICATE_METHOD_MATCH = YES;
				"CODE_SIGN_IDENTITY[sdk=iphoneos*]" = "";
				COPY_PHASE_STRIP = NO;
				DEBUG_INFORMATION_FORMAT = "dwarf-with-dsym";
				ENABLE_NS_ASSERTIONS = NO;
				ENABLE_STRICT_OBJC_MSGSEND = YES;
				GCC_C_LANGUAGE_STANDARD = gnu99;
				GCC_NO_COMMON_BLOCKS = YES;
				GCC_WARN_64_TO_32_BIT_CONVERSION = YES;
				GCC_WARN_ABOUT_RETURN_TYPE = YES_ERROR;
				GCC_WARN_UNDECLARED_SELECTOR = YES;
				GCC_WARN_UNINITIALIZED_AUTOS = YES_AGGRESSIVE;
				GCC_WARN_UNUSED_FUNCTION = YES;
				GCC_WARN_UNUSED_VARIABLE = YES;
				IPHONEOS_DEPLOYMENT_TARGET = 9.0;
				MTL_ENABLE_DEBUG_INFO = NO;
				SDKROOT = iphoneos;
				TARGETED_DEVICE_FAMILY = "1,2";
				VALIDATE_PRODUCT = YES;
			};
			name = Release;
		};
		7AD2C5CE1C16735F007C3580 /* Debug */ = {
			isa = XCBuildConfiguration;
			baseConfigurationReference = E03F1015EC133BF785555F27 /* Pods-RMessage.debug.xcconfig */;
			buildSettings = {
				ASSETCATALOG_COMPILER_APPICON_NAME = AppIcon;
				"CODE_SIGN_IDENTITY[sdk=iphoneos*]" = "";
				CODE_SIGN_STYLE = Manual;
				DEVELOPMENT_TEAM = "";
				INFOPLIST_FILE = RMessage/Info.plist;
				IPHONEOS_DEPLOYMENT_TARGET = 8.0;
				LD_RUNPATH_SEARCH_PATHS = "$(inherited) @executable_path/Frameworks";
				PRODUCT_BUNDLE_IDENTIFIER = com.testdomain.RMessage;
				PRODUCT_NAME = "$(TARGET_NAME)";
				PROVISIONING_PROFILE_SPECIFIER = "";
			};
			name = Debug;
		};
		7AD2C5CF1C16735F007C3580 /* Release */ = {
			isa = XCBuildConfiguration;
			baseConfigurationReference = 4135927AB055678894BC42E1 /* Pods-RMessage.release.xcconfig */;
			buildSettings = {
				ASSETCATALOG_COMPILER_APPICON_NAME = AppIcon;
				"CODE_SIGN_IDENTITY[sdk=iphoneos*]" = "";
				CODE_SIGN_STYLE = Manual;
				DEVELOPMENT_TEAM = "";
				INFOPLIST_FILE = RMessage/Info.plist;
				IPHONEOS_DEPLOYMENT_TARGET = 8.0;
				LD_RUNPATH_SEARCH_PATHS = "$(inherited) @executable_path/Frameworks";
				PRODUCT_BUNDLE_IDENTIFIER = com.testdomain.RMessage;
				PRODUCT_NAME = "$(TARGET_NAME)";
				PROVISIONING_PROFILE_SPECIFIER = "";
			};
			name = Release;
		};
/* End XCBuildConfiguration section */

/* Begin XCConfigurationList section */
		7A5DD2971FD64CD30078493B /* Build configuration list for PBXNativeTarget "RMessageUITests" */ = {
			isa = XCConfigurationList;
			buildConfigurations = (
				7A5DD2951FD64CD30078493B /* Debug */,
				7A5DD2961FD64CD30078493B /* Release */,
			);
			defaultConfigurationIsVisible = 0;
			defaultConfigurationName = Release;
		};
		7A8E69F51FD5E59800CA418A /* Build configuration list for PBXNativeTarget "RMessageTests" */ = {
			isa = XCConfigurationList;
			buildConfigurations = (
				7A8E69F31FD5E59800CA418A /* Debug */,
				7A8E69F41FD5E59800CA418A /* Release */,
			);
			defaultConfigurationIsVisible = 0;
			defaultConfigurationName = Release;
		};
		7AD2C5B11C16735E007C3580 /* Build configuration list for PBXProject "RMessage" */ = {
			isa = XCConfigurationList;
			buildConfigurations = (
				7AD2C5CB1C16735F007C3580 /* Debug */,
				7AD2C5CC1C16735F007C3580 /* Release */,
			);
			defaultConfigurationIsVisible = 0;
			defaultConfigurationName = Release;
		};
		7AD2C5CD1C16735F007C3580 /* Build configuration list for PBXNativeTarget "RMessage" */ = {
			isa = XCConfigurationList;
			buildConfigurations = (
				7AD2C5CE1C16735F007C3580 /* Debug */,
				7AD2C5CF1C16735F007C3580 /* Release */,
			);
			defaultConfigurationIsVisible = 0;
			defaultConfigurationName = Release;
		};
/* End XCConfigurationList section */
	};
	rootObject = 7AD2C5AE1C16735E007C3580 /* Project object */;
}
